
Microsoft Visual Studio Solution File, Format Version 12.00
# Visual Studio Version 16
VisualStudioVersion = 16.0.30907.101
MinimumVisualStudioVersion = 10.0.40219.1
Project("{FAE04EC0-301F-11D3-BF4B-00C04F79EFBC}") = "Student Grades", "Student Grades\Student Grades.csproj", "{ACA5A429-3F1B-4962-9BDA-49B12BEB964C}"
EndProject
Global
	GlobalSection(SolutionConfigurationPlatforms) = preSolution
		Debug|Any CPU = Debug|Any CPU
		Release|Any CPU = Release|Any CPU
	EndGlobalSection
	GlobalSection(ProjectConfigurationPlatforms) = postSolution
		{ACA5A429-3F1B-4962-9BDA-49B12BEB964C}.Debug|Any CPU.ActiveCfg = Debug|Any CPU
		{ACA5A429-3F1B-4962-9BDA-49B12BEB964C}.Debug|Any CPU.Build.0 = Debug|Any CPU
		{ACA5A429-3F1B-4962-9BDA-49B12BEB964C}.Release|Any CPU.ActiveCfg = Release|Any CPU
		{ACA5A429-3F1B-4962-9BDA-49B12BEB964C}.Release|Any CPU.Build.0 = Release|Any CPU
	EndGlobalSection
	GlobalSection(SolutionProperties) = preSolution
		HideSolutionNode = FALSE
	EndGlobalSection
	GlobalSection(ExtensibilityGlobals) = postSolution
		SolutionGuid = {5795805D-CDC2-4080-8D1F-E0FC66C8112C}
	EndGlobalSection
EndGlobal
